
Microsoft Visual Studio Solution File, Format Version 12.00
# Visual Studio 2015
Project("{FAE04EC0-301F-11D3-BF4B-00C04F79EFBC}") = "crusher.CSharp", "crusher.CSharp.csproj", "{DCB3178A-03E7-71D7-AE74-1C9C94071B74}"
EndProject
Global
	GlobalSection(SolutionConfigurationPlatforms) = preSolution
		Debug|Any CPU = Debug|Any CPU
		Release|Any CPU = Release|Any CPU
	EndGlobalSection
	GlobalSection(ProjectConfigurationPlatforms) = postSolution
		{DCB3178A-03E7-71D7-AE74-1C9C94071B74}.Debug|Any CPU.ActiveCfg = Debug|Any CPU
		{DCB3178A-03E7-71D7-AE74-1C9C94071B74}.Debug|Any CPU.Build.0 = Debug|Any CPU
		{DCB3178A-03E7-71D7-AE74-1C9C94071B74}.Release|Any CPU.ActiveCfg = Release|Any CPU
		{DCB3178A-03E7-71D7-AE74-1C9C94071B74}.Release|Any CPU.Build.0 = Release|Any CPU
	EndGlobalSection
	GlobalSection(SolutionProperties) = preSolution
		HideSolutionNode = FALSE
	EndGlobalSection
EndGlobal
